// !$*UTF8*$!
{
	archiveVersion = 1;
	classes = {
	};
	objectVersion = 56;
	objects = {

/* Begin PBXBuildFile section */
		CEE8CF292A8D6A2900487FBD /* AppDelegate.swift in Sources */ = {isa = PBXBuildFile; fileRef = CEE8CF282A8D6A2900487FBD /* AppDelegate.swift */; };
		CEE8CF2B2A8D6A2900487FBD /* SceneDelegate.swift in Sources */ = {isa = PBXBuildFile; fileRef = CEE8CF2A2A8D6A2900487FBD /* SceneDelegate.swift */; };
		CEE8CF2D2A8D6A2900487FBD /* CharacterListVC.swift in Sources */ = {isa = PBXBuildFile; fileRef = CEE8CF2C2A8D6A2900487FBD /* CharacterListVC.swift */; };
		CEE8CF322A8D6A2A00487FBD /* Assets.xcassets in Resources */ = {isa = PBXBuildFile; fileRef = CEE8CF312A8D6A2A00487FBD /* Assets.xcassets */; };
		CEE8CF352A8D6A2A00487FBD /* LaunchScreen.storyboard in Resources */ = {isa = PBXBuildFile; fileRef = CEE8CF332A8D6A2A00487FBD /* LaunchScreen.storyboard */; };
		CEE8CF3D2A8F6AFD00487FBD /* CharacterCell.swift in Sources */ = {isa = PBXBuildFile; fileRef = CEE8CF3C2A8F6AFD00487FBD /* CharacterCell.swift */; };
		CEE8CF3F2A8F7B4800487FBD /* DetailVC.swift in Sources */ = {isa = PBXBuildFile; fileRef = CEE8CF3E2A8F7B4800487FBD /* DetailVC.swift */; };
		CEE8CF422A8F7ED200487FBD /* CharacterListPresenter.swift in Sources */ = {isa = PBXBuildFile; fileRef = CEE8CF412A8F7ED200487FBD /* CharacterListPresenter.swift */; };
		CEE8CF452A8FA4F200487FBD /* AvatarCell.swift in Sources */ = {isa = PBXBuildFile; fileRef = CEE8CF442A8FA4F200487FBD /* AvatarCell.swift */; };
		CEE8CF472A8FA50100487FBD /* InfoCell.swift in Sources */ = {isa = PBXBuildFile; fileRef = CEE8CF462A8FA50100487FBD /* InfoCell.swift */; };
		CEE8CF492A8FA51100487FBD /* EpisodeCell.swift in Sources */ = {isa = PBXBuildFile; fileRef = CEE8CF482A8FA51100487FBD /* EpisodeCell.swift */; };
		CEE8CF4B2A8FA52800487FBD /* OriginCell.swift in Sources */ = {isa = PBXBuildFile; fileRef = CEE8CF4A2A8FA52800487FBD /* OriginCell.swift */; };
		CEE8CF4D2A92414300487FBD /* NetworkService.swift in Sources */ = {isa = PBXBuildFile; fileRef = CEE8CF4C2A92414300487FBD /* NetworkService.swift */; };
		CEE8CF502A92766200487FBD /* DownloadImage.swift in Sources */ = {isa = PBXBuildFile; fileRef = CEE8CF4F2A92766200487FBD /* DownloadImage.swift */; };
		CEE8CF522A93D3E500487FBD /* EpisodeProvider.swift in Sources */ = {isa = PBXBuildFile; fileRef = CEE8CF512A93D3E500487FBD /* EpisodeProvider.swift */; };
		CEE8CF542A94312500487FBD /* DetailVCPresenter.swift in Sources */ = {isa = PBXBuildFile; fileRef = CEE8CF532A94312500487FBD /* DetailVCPresenter.swift */; };
/* End PBXBuildFile section */

/* Begin PBXFileReference section */
		CEE8CF252A8D6A2900487FBD /* Rick&MortyApp.app */ = {isa = PBXFileReference; explicitFileType = wrapper.application; includeInIndex = 0; path = "Rick&MortyApp.app"; sourceTree = BUILT_PRODUCTS_DIR; };
		CEE8CF282A8D6A2900487FBD /* AppDelegate.swift */ = {isa = PBXFileReference; lastKnownFileType = sourcecode.swift; path = AppDelegate.swift; sourceTree = "<group>"; };
		CEE8CF2A2A8D6A2900487FBD /* SceneDelegate.swift */ = {isa = PBXFileReference; lastKnownFileType = sourcecode.swift; path = SceneDelegate.swift; sourceTree = "<group>"; };
		CEE8CF2C2A8D6A2900487FBD /* CharacterListVC.swift */ = {isa = PBXFileReference; lastKnownFileType = sourcecode.swift; path = CharacterListVC.swift; sourceTree = "<group>"; };
		CEE8CF312A8D6A2A00487FBD /* Assets.xcassets */ = {isa = PBXFileReference; lastKnownFileType = folder.assetcatalog; path = Assets.xcassets; sourceTree = "<group>"; };
		CEE8CF342A8D6A2A00487FBD /* Base */ = {isa = PBXFileReference; lastKnownFileType = file.storyboard; name = Base; path = Base.lproj/LaunchScreen.storyboard; sourceTree = "<group>"; };
		CEE8CF362A8D6A2A00487FBD /* Info.plist */ = {isa = PBXFileReference; lastKnownFileType = text.plist.xml; path = Info.plist; sourceTree = "<group>"; };
		CEE8CF3C2A8F6AFD00487FBD /* CharacterCell.swift */ = {isa = PBXFileReference; lastKnownFileType = sourcecode.swift; path = CharacterCell.swift; sourceTree = "<group>"; };
		CEE8CF3E2A8F7B4800487FBD /* DetailVC.swift */ = {isa = PBXFileReference; lastKnownFileType = sourcecode.swift; path = DetailVC.swift; sourceTree = "<group>"; };
		CEE8CF412A8F7ED200487FBD /* CharacterListPresenter.swift */ = {isa = PBXFileReference; lastKnownFileType = sourcecode.swift; path = CharacterListPresenter.swift; sourceTree = "<group>"; };
		CEE8CF442A8FA4F200487FBD /* AvatarCell.swift */ = {isa = PBXFileReference; lastKnownFileType = sourcecode.swift; path = AvatarCell.swift; sourceTree = "<group>"; };
		CEE8CF462A8FA50100487FBD /* InfoCell.swift */ = {isa = PBXFileReference; lastKnownFileType = sourcecode.swift; path = InfoCell.swift; sourceTree = "<group>"; };
		CEE8CF482A8FA51100487FBD /* EpisodeCell.swift */ = {isa = PBXFileReference; lastKnownFileType = sourcecode.swift; path = EpisodeCell.swift; sourceTree = "<group>"; };
		CEE8CF4A2A8FA52800487FBD /* OriginCell.swift */ = {isa = PBXFileReference; lastKnownFileType = sourcecode.swift; path = OriginCell.swift; sourceTree = "<group>"; };
		CEE8CF4C2A92414300487FBD /* NetworkService.swift */ = {isa = PBXFileReference; lastKnownFileType = sourcecode.swift; path = NetworkService.swift; sourceTree = "<group>"; };
		CEE8CF4F2A92766200487FBD /* DownloadImage.swift */ = {isa = PBXFileReference; lastKnownFileType = sourcecode.swift; path = DownloadImage.swift; sourceTree = "<group>"; };
		CEE8CF512A93D3E500487FBD /* EpisodeProvider.swift */ = {isa = PBXFileReference; lastKnownFileType = sourcecode.swift; path = EpisodeProvider.swift; sourceTree = "<group>"; };
		CEE8CF532A94312500487FBD /* DetailVCPresenter.swift */ = {isa = PBXFileReference; lastKnownFileType = sourcecode.swift; path = DetailVCPresenter.swift; sourceTree = "<group>"; };
/* End PBXFileReference section */

/* Begin PBXFrameworksBuildPhase section */
		CEE8CF222A8D6A2900487FBD /* Frameworks */ = {
			isa = PBXFrameworksBuildPhase;
			buildActionMask = 2147483647;
			files = (
			);
			runOnlyForDeploymentPostprocessing = 0;
		};
/* End PBXFrameworksBuildPhase section */

/* Begin PBXGroup section */
		CEE8CF1C2A8D6A2900487FBD = {
			isa = PBXGroup;
			children = (
				CEE8CF272A8D6A2900487FBD /* Rick&MortyApp */,
				CEE8CF262A8D6A2900487FBD /* Products */,
			);
			sourceTree = "<group>";
		};
		CEE8CF262A8D6A2900487FBD /* Products */ = {
			isa = PBXGroup;
			children = (
				CEE8CF252A8D6A2900487FBD /* Rick&MortyApp.app */,
			);
			name = Products;
			sourceTree = "<group>";
		};
		CEE8CF272A8D6A2900487FBD /* Rick&MortyApp */ = {
			isa = PBXGroup;
			children = (
				CEE8CF4E2A92763500487FBD /* Services */,
				CEE8CF432A8F7F0100487FBD /* DetailVC */,
				CEE8CF402A8F7B5900487FBD /* CharacterList */,
				CEE8CF282A8D6A2900487FBD /* AppDelegate.swift */,
				CEE8CF2A2A8D6A2900487FBD /* SceneDelegate.swift */,
				CEE8CF312A8D6A2A00487FBD /* Assets.xcassets */,
				CEE8CF332A8D6A2A00487FBD /* LaunchScreen.storyboard */,
				CEE8CF362A8D6A2A00487FBD /* Info.plist */,
			);
			path = "Rick&MortyApp";
			sourceTree = "<group>";
		};
		CEE8CF402A8F7B5900487FBD /* CharacterList */ = {
			isa = PBXGroup;
			children = (
				CEE8CF2C2A8D6A2900487FBD /* CharacterListVC.swift */,
				CEE8CF3C2A8F6AFD00487FBD /* CharacterCell.swift */,
				CEE8CF412A8F7ED200487FBD /* CharacterListPresenter.swift */,
			);
			path = CharacterList;
			sourceTree = "<group>";
		};
		CEE8CF432A8F7F0100487FBD /* DetailVC */ = {
			isa = PBXGroup;
			children = (
				CEE8CF3E2A8F7B4800487FBD /* DetailVC.swift */,
				CEE8CF442A8FA4F200487FBD /* AvatarCell.swift */,
				CEE8CF462A8FA50100487FBD /* InfoCell.swift */,
				CEE8CF482A8FA51100487FBD /* EpisodeCell.swift */,
				CEE8CF4A2A8FA52800487FBD /* OriginCell.swift */,
				CEE8CF532A94312500487FBD /* DetailVCPresenter.swift */,
			);
			path = DetailVC;
			sourceTree = "<group>";
		};
		CEE8CF4E2A92763500487FBD /* Services */ = {
			isa = PBXGroup;
			children = (
				CEE8CF4C2A92414300487FBD /* NetworkService.swift */,
				CEE8CF4F2A92766200487FBD /* DownloadImage.swift */,
				CEE8CF512A93D3E500487FBD /* EpisodeProvider.swift */,
			);
			path = Services;
			sourceTree = "<group>";
		};
/* End PBXGroup section */

/* Begin PBXNativeTarget section */
		CEE8CF242A8D6A2900487FBD /* Rick&MortyApp */ = {
			isa = PBXNativeTarget;
			buildConfigurationList = CEE8CF392A8D6A2A00487FBD /* Build configuration list for PBXNativeTarget "Rick&MortyApp" */;
			buildPhases = (
				CEE8CF212A8D6A2900487FBD /* Sources */,
				CEE8CF222A8D6A2900487FBD /* Frameworks */,
				CEE8CF232A8D6A2900487FBD /* Resources */,
			);
			buildRules = (
			);
			dependencies = (
			);
			name = "Rick&MortyApp";
			productName = "Rick&MortyApp";
			productReference = CEE8CF252A8D6A2900487FBD /* Rick&MortyApp.app */;
			productType = "com.apple.product-type.application";
		};
/* End PBXNativeTarget section */

/* Begin PBXProject section */
		CEE8CF1D2A8D6A2900487FBD /* Project object */ = {
			isa = PBXProject;
			attributes = {
				BuildIndependentTargetsInParallel = 1;
				LastSwiftUpdateCheck = 1410;
				LastUpgradeCheck = 1410;
				TargetAttributes = {
					CEE8CF242A8D6A2900487FBD = {
						CreatedOnToolsVersion = 14.1;
					};
				};
			};
			buildConfigurationList = CEE8CF202A8D6A2900487FBD /* Build configuration list for PBXProject "Rick&MortyApp" */;
			compatibilityVersion = "Xcode 14.0";
			developmentRegion = en;
			hasScannedForEncodings = 0;
			knownRegions = (
				en,
				Base,
			);
			mainGroup = CEE8CF1C2A8D6A2900487FBD;
			productRefGroup = CEE8CF262A8D6A2900487FBD /* Products */;
			projectDirPath = "";
			projectRoot = "";
			targets = (
				CEE8CF242A8D6A2900487FBD /* Rick&MortyApp */,
			);
		};
/* End PBXProject section */

/* Begin PBXResourcesBuildPhase section */
		CEE8CF232A8D6A2900487FBD /* Resources */ = {
			isa = PBXResourcesBuildPhase;
			buildActionMask = 2147483647;
			files = (
				CEE8CF352A8D6A2A00487FBD /* LaunchScreen.storyboard in Resources */,
				CEE8CF322A8D6A2A00487FBD /* Assets.xcassets in Resources */,
			);
			runOnlyForDeploymentPostprocessing = 0;
		};
/* End PBXResourcesBuildPhase section */

/* Begin PBXSourcesBuildPhase section */
		CEE8CF212A8D6A2900487FBD /* Sources */ = {
			isa = PBXSourcesBuildPhase;
			buildActionMask = 2147483647;
			files = (
				CEE8CF4D2A92414300487FBD /* NetworkService.swift in Sources */,
				CEE8CF522A93D3E500487FBD /* EpisodeProvider.swift in Sources */,
				CEE8CF502A92766200487FBD /* DownloadImage.swift in Sources */,
				CEE8CF492A8FA51100487FBD /* EpisodeCell.swift in Sources */,
				CEE8CF3F2A8F7B4800487FBD /* DetailVC.swift in Sources */,
				CEE8CF2D2A8D6A2900487FBD /* CharacterListVC.swift in Sources */,
				CEE8CF4B2A8FA52800487FBD /* OriginCell.swift in Sources */,
				CEE8CF452A8FA4F200487FBD /* AvatarCell.swift in Sources */,
				CEE8CF292A8D6A2900487FBD /* AppDelegate.swift in Sources */,
				CEE8CF2B2A8D6A2900487FBD /* SceneDelegate.swift in Sources */,
				CEE8CF542A94312500487FBD /* DetailVCPresenter.swift in Sources */,
				CEE8CF472A8FA50100487FBD /* InfoCell.swift in Sources */,
				CEE8CF422A8F7ED200487FBD /* CharacterListPresenter.swift in Sources */,
				CEE8CF3D2A8F6AFD00487FBD /* CharacterCell.swift in Sources */,
			);
			runOnlyForDeploymentPostprocessing = 0;
		};
/* End PBXSourcesBuildPhase section */

/* Begin PBXVariantGroup section */
		CEE8CF332A8D6A2A00487FBD /* LaunchScreen.storyboard */ = {
			isa = PBXVariantGroup;
			children = (
				CEE8CF342A8D6A2A00487FBD /* Base */,
			);
			name = LaunchScreen.storyboard;
			sourceTree = "<group>";
		};
/* End PBXVariantGroup section */

/* Begin XCBuildConfiguration section */
		CEE8CF372A8D6A2A00487FBD /* Debug */ = {
			isa = XCBuildConfiguration;
			buildSettings = {
				ALWAYS_SEARCH_USER_PATHS = NO;
				CLANG_ANALYZER_NONNULL = YES;
				CLANG_ANALYZER_NUMBER_OBJECT_CONVERSION = YES_AGGRESSIVE;
				CLANG_CXX_LANGUAGE_STANDARD = "gnu++20";
				CLANG_ENABLE_MODULES = YES;
				CLANG_ENABLE_OBJC_ARC = YES;
				CLANG_ENABLE_OBJC_WEAK = YES;
				CLANG_WARN_BLOCK_CAPTURE_AUTORELEASING = YES;
				CLANG_WARN_BOOL_CONVERSION = YES;
				CLANG_WARN_COMMA = YES;
				CLANG_WARN_CONSTANT_CONVERSION = YES;
				CLANG_WARN_DEPRECATED_OBJC_IMPLEMENTATIONS = YES;
				CLANG_WARN_DIRECT_OBJC_ISA_USAGE = YES_ERROR;
				CLANG_WARN_DOCUMENTATION_COMMENTS = YES;
				CLANG_WARN_EMPTY_BODY = YES;
				CLANG_WARN_ENUM_CONVERSION = YES;
				CLANG_WARN_INFINITE_RECURSION = YES;
				CLANG_WARN_INT_CONVERSION = YES;
				CLANG_WARN_NON_LITERAL_NULL_CONVERSION = YES;
				CLANG_WARN_OBJC_IMPLICIT_RETAIN_SELF = YES;
				CLANG_WARN_OBJC_LITERAL_CONVERSION = YES;
				CLANG_WARN_OBJC_ROOT_CLASS = YES_ERROR;
				CLANG_WARN_QUOTED_INCLUDE_IN_FRAMEWORK_HEADER = YES;
				CLANG_WARN_RANGE_LOOP_ANALYSIS = YES;
				CLANG_WARN_STRICT_PROTOTYPES = YES;
				CLANG_WARN_SUSPICIOUS_MOVE = YES;
				CLANG_WARN_UNGUARDED_AVAILABILITY = YES_AGGRESSIVE;
				CLANG_WARN_UNREACHABLE_CODE = YES;
				CLANG_WARN__DUPLICATE_METHOD_MATCH = YES;
				COPY_PHASE_STRIP = NO;
				DEBUG_INFORMATION_FORMAT = dwarf;
				ENABLE_STRICT_OBJC_MSGSEND = YES;
				ENABLE_TESTABILITY = YES;
				GCC_C_LANGUAGE_STANDARD = gnu11;
				GCC_DYNAMIC_NO_PIC = NO;
				GCC_NO_COMMON_BLOCKS = YES;
				GCC_OPTIMIZATION_LEVEL = 0;
				GCC_PREPROCESSOR_DEFINITIONS = (
					"DEBUG=1",
					"$(inherited)",
				);
				GCC_WARN_64_TO_32_BIT_CONVERSION = YES;
				GCC_WARN_ABOUT_RETURN_TYPE = YES_ERROR;
				GCC_WARN_UNDECLARED_SELECTOR = YES;
				GCC_WARN_UNINITIALIZED_AUTOS = YES_AGGRESSIVE;
				GCC_WARN_UNUSED_FUNCTION = YES;
				GCC_WARN_UNUSED_VARIABLE = YES;
				IPHONEOS_DEPLOYMENT_TARGET = 16.1;
				MTL_ENABLE_DEBUG_INFO = INCLUDE_SOURCE;
				MTL_FAST_MATH = YES;
				ONLY_ACTIVE_ARCH = YES;
				SDKROOT = iphoneos;
				SWIFT_ACTIVE_COMPILATION_CONDITIONS = DEBUG;
				SWIFT_OPTIMIZATION_LEVEL = "-Onone";
			};
			name = Debug;
		};
		CEE8CF382A8D6A2A00487FBD /* Release */ = {
			isa = XCBuildConfiguration;
			buildSettings = {
				ALWAYS_SEARCH_USER_PATHS = NO;
				CLANG_ANALYZER_NONNULL = YES;
				CLANG_ANALYZER_NUMBER_OBJECT_CONVERSION = YES_AGGRESSIVE;
				CLANG_CXX_LANGUAGE_STANDARD = "gnu++20";
				CLANG_ENABLE_MODULES = YES;
				CLANG_ENABLE_OBJC_ARC = YES;
				CLANG_ENABLE_OBJC_WEAK = YES;
				CLANG_WARN_BLOCK_CAPTURE_AUTORELEASING = YES;
				CLANG_WARN_BOOL_CONVERSION = YES;
				CLANG_WARN_COMMA = YES;
				CLANG_WARN_CONSTANT_CONVERSION = YES;
				CLANG_WARN_DEPRECATED_OBJC_IMPLEMENTATIONS = YES;
				CLANG_WARN_DIRECT_OBJC_ISA_USAGE = YES_ERROR;
				CLANG_WARN_DOCUMENTATION_COMMENTS = YES;
				CLANG_WARN_EMPTY_BODY = YES;
				CLANG_WARN_ENUM_CONVERSION = YES;
				CLANG_WARN_INFINITE_RECURSION = YES;
				CLANG_WARN_INT_CONVERSION = YES;
				CLANG_WARN_NON_LITERAL_NULL_CONVERSION = YES;
				CLANG_WARN_OBJC_IMPLICIT_RETAIN_SELF = YES;
				CLANG_WARN_OBJC_LITERAL_CONVERSION = YES;
				CLANG_WARN_OBJC_ROOT_CLASS = YES_ERROR;
				CLANG_WARN_QUOTED_INCLUDE_IN_FRAMEWORK_HEADER = YES;
				CLANG_WARN_RANGE_LOOP_ANALYSIS = YES;
				CLANG_WARN_STRICT_PROTOTYPES = YES;
				CLANG_WARN_SUSPICIOUS_MOVE = YES;
				CLANG_WARN_UNGUARDED_AVAILABILITY = YES_AGGRESSIVE;
				CLANG_WARN_UNREACHABLE_CODE = YES;
				CLANG_WARN__DUPLICATE_METHOD_MATCH = YES;
				COPY_PHASE_STRIP = NO;
				DEBUG_INFORMATION_FORMAT = "dwarf-with-dsym";
				ENABLE_NS_ASSERTIONS = NO;
				ENABLE_STRICT_OBJC_MSGSEND = YES;
				GCC_C_LANGUAGE_STANDARD = gnu11;
				GCC_NO_COMMON_BLOCKS = YES;
				GCC_WARN_64_TO_32_BIT_CONVERSION = YES;
				GCC_WARN_ABOUT_RETURN_TYPE = YES_ERROR;
				GCC_WARN_UNDECLARED_SELECTOR = YES;
				GCC_WARN_UNINITIALIZED_AUTOS = YES_AGGRESSIVE;
				GCC_WARN_UNUSED_FUNCTION = YES;
				GCC_WARN_UNUSED_VARIABLE = YES;
				IPHONEOS_DEPLOYMENT_TARGET = 16.1;
				MTL_ENABLE_DEBUG_INFO = NO;
				MTL_FAST_MATH = YES;
				SDKROOT = iphoneos;
				SWIFT_COMPILATION_MODE = wholemodule;
				SWIFT_OPTIMIZATION_LEVEL = "-O";
				VALIDATE_PRODUCT = YES;
			};
			name = Release;
		};
		CEE8CF3A2A8D6A2A00487FBD /* Debug */ = {
			isa = XCBuildConfiguration;
			buildSettings = {
				ASSETCATALOG_COMPILER_APPICON_NAME = AppIcon;
				ASSETCATALOG_COMPILER_GLOBAL_ACCENT_COLOR_NAME = AccentColor;
				CODE_SIGN_STYLE = Automatic;
				CURRENT_PROJECT_VERSION = 1;
				GENERATE_INFOPLIST_FILE = YES;
				INFOPLIST_FILE = "Rick&MortyApp/Info.plist";
				INFOPLIST_KEY_UIApplicationSupportsIndirectInputEvents = YES;
				INFOPLIST_KEY_UILaunchStoryboardName = LaunchScreen;
				INFOPLIST_KEY_UISupportedInterfaceOrientations = "UIInterfaceOrientationLandscapeLeft UIInterfaceOrientationLandscapeRight UIInterfaceOrientationPortrait";
				INFOPLIST_KEY_UISupportedInterfaceOrientations_iPad = "UIInterfaceOrientationLandscapeLeft UIInterfaceOrientationLandscapeRight UIInterfaceOrientationPortrait UIInterfaceOrientationPortraitUpsideDown";
				LD_RUNPATH_SEARCH_PATHS = (
					"$(inherited)",
					"@executable_path/Frameworks",
				);
				MARKETING_VERSION = 1.0;
				PRODUCT_BUNDLE_IDENTIFIER = "Students.Rick-MortyApp";
				PRODUCT_NAME = "$(TARGET_NAME)";
				SUPPORTED_PLATFORMS = "iphoneos iphonesimulator";
				SUPPORTS_MACCATALYST = NO;
				SUPPORTS_MAC_DESIGNED_FOR_IPHONE_IPAD = NO;
				SWIFT_EMIT_LOC_STRINGS = YES;
				SWIFT_VERSION = 5.0;
				TARGETED_DEVICE_FAMILY = "1,2";
			};
			name = Debug;
		};
		CEE8CF3B2A8D6A2A00487FBD /* Release */ = {
			isa = XCBuildConfiguration;
			buildSettings = {
				ASSETCATALOG_COMPILER_APPICON_NAME = AppIcon;
				ASSETCATALOG_COMPILER_GLOBAL_ACCENT_COLOR_NAME = AccentColor;
				CODE_SIGN_STYLE = Automatic;
				CURRENT_PROJECT_VERSION = 1;
				GENERATE_INFOPLIST_FILE = YES;
				INFOPLIST_FILE = "Rick&MortyApp/Info.plist";
				INFOPLIST_KEY_UIApplicationSupportsIndirectInputEvents = YES;
				INFOPLIST_KEY_UILaunchStoryboardName = LaunchScreen;
				INFOPLIST_KEY_UISupportedInterfaceOrientations = "UIInterfaceOrientationLandscapeLeft UIInterfaceOrientationLandscapeRight UIInterfaceOrientationPortrait";
				INFOPLIST_KEY_UISupportedInterfaceOrientations_iPad = "UIInterfaceOrientationLandscapeLeft UIInterfaceOrientationLandscapeRight UIInterfaceOrientationPortrait UIInterfaceOrientationPortraitUpsideDown";
				LD_RUNPATH_SEARCH_PATHS = (
					"$(inherited)",
					"@executable_path/Frameworks",
				);
				MARKETING_VERSION = 1.0;
				PRODUCT_BUNDLE_IDENTIFIER = "Students.Rick-MortyApp";
				PRODUCT_NAME = "$(TARGET_NAME)";
				SUPPORTED_PLATFORMS = "iphoneos iphonesimulator";
				SUPPORTS_MACCATALYST = NO;
				SUPPORTS_MAC_DESIGNED_FOR_IPHONE_IPAD = NO;
				SWIFT_EMIT_LOC_STRINGS = YES;
				SWIFT_VERSION = 5.0;
				TARGETED_DEVICE_FAMILY = "1,2";
			};
			name = Release;
		};
/* End XCBuildConfiguration section */

/* Begin XCConfigurationList section */
		CEE8CF202A8D6A2900487FBD /* Build configuration list for PBXProject "Rick&MortyApp" */ = {
			isa = XCConfigurationList;
			buildConfigurations = (
				CEE8CF372A8D6A2A00487FBD /* Debug */,
				CEE8CF382A8D6A2A00487FBD /* Release */,
			);
			defaultConfigurationIsVisible = 0;
			defaultConfigurationName = Release;
		};
		CEE8CF392A8D6A2A00487FBD /* Build configuration list for PBXNativeTarget "Rick&MortyApp" */ = {
			isa = XCConfigurationList;
			buildConfigurations = (
				CEE8CF3A2A8D6A2A00487FBD /* Debug */,
				CEE8CF3B2A8D6A2A00487FBD /* Release */,
			);
			defaultConfigurationIsVisible = 0;
			defaultConfigurationName = Release;
		};
/* End XCConfigurationList section */
	};
	rootObject = CEE8CF1D2A8D6A2900487FBD /* Project object */;
}
